
Microsoft Visual Studio Solution File, Format Version 12.00
# Visual Studio Version 16
VisualStudioVersion = 16.0.31515.178
MinimumVisualStudioVersion = 10.0.40219.1
Project("{FAE04EC0-301F-11D3-BF4B-00C04F79EFBC}") = "MiniPaintWF", "MiniPaintWF\MiniPaintWF.csproj", "{54FE9DD7-B665-4C70-AFBA-2A5C66F8EFBA}"
EndProject
Global
	GlobalSection(SolutionConfigurationPlatforms) = preSolution
		Debug|Any CPU = Debug|Any CPU
		Release|Any CPU = Release|Any CPU
	EndGlobalSection
	GlobalSection(ProjectConfigurationPlatforms) = postSolution
		{54FE9DD7-B665-4C70-AFBA-2A5C66F8EFBA}.Debug|Any CPU.ActiveCfg = Debug|Any CPU
		{54FE9DD7-B665-4C70-AFBA-2A5C66F8EFBA}.Debug|Any CPU.Build.0 = Debug|Any CPU
		{54FE9DD7-B665-4C70-AFBA-2A5C66F8EFBA}.Release|Any CPU.ActiveCfg = Release|Any CPU
		{54FE9DD7-B665-4C70-AFBA-2A5C66F8EFBA}.Release|Any CPU.Build.0 = Release|Any CPU
	EndGlobalSection
	GlobalSection(SolutionProperties) = preSolution
		HideSolutionNode = FALSE
	EndGlobalSection
	GlobalSection(ExtensibilityGlobals) = postSolution
		SolutionGuid = {0C24F6D3-FF33-4762-B8F2-C182AE56DB80}
	EndGlobalSection
EndGlobal
